
Microsoft Visual Studio Solution File, Format Version 12.00
# Visual Studio 15
VisualStudioVersion = 15.0.28307.136
MinimumVisualStudioVersion = 10.0.40219.1
Project("{FAE04EC0-301F-11D3-BF4B-00C04F79EFBC}") = "FunctionFriend.Android", "FunctionFriend\FunctionFriend.Android\FunctionFriend.Android.csproj", "{80032138-A8E9-4608-A45F-A3ED4E7E3E97}"
EndProject
Project("{FAE04EC0-301F-11D3-BF4B-00C04F79EFBC}") = "FunctionFriend.iOS", "FunctionFriend\FunctionFriend.iOS\FunctionFriend.iOS.csproj", "{FEE5FD27-AF04-4F1D-8BE9-4C232D916CB4}"
EndProject
Project("{FAE04EC0-301F-11D3-BF4B-00C04F79EFBC}") = "FunctionFriend.UWP", "FunctionFriend\FunctionFriend.UWP\FunctionFriend.UWP.csproj", "{D07F0135-1532-4626-9471-4FE6FE49CA67}"
EndProject
Project("{FAE04EC0-301F-11D3-BF4B-00C04F79EFBC}") = "FunctionFriend", "FunctionFriend\FunctionFriend\FunctionFriend.csproj", "{C3B14A80-6E1C-4F81-B4FF-9A95D122D373}"
EndProject
Global
	GlobalSection(SolutionConfigurationPlatforms) = preSolution
		Ad-Hoc|Any CPU = Ad-Hoc|Any CPU
		Ad-Hoc|ARM = Ad-Hoc|ARM
		Ad-Hoc|iPhone = Ad-Hoc|iPhone
		Ad-Hoc|iPhoneSimulator = Ad-Hoc|iPhoneSimulator
		Ad-Hoc|x64 = Ad-Hoc|x64
		Ad-Hoc|x86 = Ad-Hoc|x86
		AppStore|Any CPU = AppStore|Any CPU
		AppStore|ARM = AppStore|ARM
		AppStore|iPhone = AppStore|iPhone
		AppStore|iPhoneSimulator = AppStore|iPhoneSimulator
		AppStore|x64 = AppStore|x64
		AppStore|x86 = AppStore|x86
		Debug|Any CPU = Debug|Any CPU
		Debug|ARM = Debug|ARM
		Debug|iPhone = Debug|iPhone
		Debug|iPhoneSimulator = Debug|iPhoneSimulator
		Debug|x64 = Debug|x64
		Debug|x86 = Debug|x86
		Release|Any CPU = Release|Any CPU
		Release|ARM = Release|ARM
		Release|iPhone = Release|iPhone
		Release|iPhoneSimulator = Release|iPhoneSimulator
		Release|x64 = Release|x64
		Release|x86 = Release|x86
	EndGlobalSection
	GlobalSection(ProjectConfigurationPlatforms) = postSolution
		{80032138-A8E9-4608-A45F-A3ED4E7E3E97}.Ad-Hoc|Any CPU.ActiveCfg = Release|Any CPU
		{80032138-A8E9-4608-A45F-A3ED4E7E3E97}.Ad-Hoc|Any CPU.Build.0 = Release|Any CPU
		{80032138-A8E9-4608-A45F-A3ED4E7E3E97}.Ad-Hoc|Any CPU.Deploy.0 = Release|Any CPU
		{80032138-A8E9-4608-A45F-A3ED4E7E3E97}.Ad-Hoc|ARM.ActiveCfg = Release|Any CPU
		{80032138-A8E9-4608-A45F-A3ED4E7E3E97}.Ad-Hoc|ARM.Build.0 = Release|Any CPU
		{80032138-A8E9-4608-A45F-A3ED4E7E3E97}.Ad-Hoc|ARM.Deploy.0 = Release|Any CPU
		{80032138-A8E9-4608-A45F-A3ED4E7E3E97}.Ad-Hoc|iPhone.ActiveCfg = Release|Any CPU
		{80032138-A8E9-4608-A45F-A3ED4E7E3E97}.Ad-Hoc|iPhone.Build.0 = Release|Any CPU
		{80032138-A8E9-4608-A45F-A3ED4E7E3E97}.Ad-Hoc|iPhone.Deploy.0 = Release|Any CPU
		{80032138-A8E9-4608-A45F-A3ED4E7E3E97}.Ad-Hoc|iPhoneSimulator.ActiveCfg = Release|Any CPU
		{80032138-A8E9-4608-A45F-A3ED4E7E3E97}.Ad-Hoc|iPhoneSimulator.Build.0 = Release|Any CPU
		{80032138-A8E9-4608-A45F-A3ED4E7E3E97}.Ad-Hoc|iPhoneSimulator.Deploy.0 = Release|Any CPU
		{80032138-A8E9-4608-A45F-A3ED4E7E3E97}.Ad-Hoc|x64.ActiveCfg = Release|Any CPU
		{80032138-A8E9-4608-A45F-A3ED4E7E3E97}.Ad-Hoc|x64.Build.0 = Release|Any CPU
		{80032138-A8E9-4608-A45F-A3ED4E7E3E97}.Ad-Hoc|x64.Deploy.0 = Release|Any CPU
		{80032138-A8E9-4608-A45F-A3ED4E7E3E97}.Ad-Hoc|x86.ActiveCfg = Release|Any CPU
		{80032138-A8E9-4608-A45F-A3ED4E7E3E97}.Ad-Hoc|x86.Build.0 = Release|Any CPU
		{80032138-A8E9-4608-A45F-A3ED4E7E3E97}.Ad-Hoc|x86.Deploy.0 = Release|Any CPU
		{80032138-A8E9-4608-A45F-A3ED4E7E3E97}.AppStore|Any CPU.ActiveCfg = Release|Any CPU
		{80032138-A8E9-4608-A45F-A3ED4E7E3E97}.AppStore|Any CPU.Build.0 = Release|Any CPU
		{80032138-A8E9-4608-A45F-A3ED4E7E3E97}.AppStore|Any CPU.Deploy.0 = Release|Any CPU
		{80032138-A8E9-4608-A45F-A3ED4E7E3E97}.AppStore|ARM.ActiveCfg = Release|Any CPU
		{80032138-A8E9-4608-A45F-A3ED4E7E3E97}.AppStore|ARM.Build.0 = Release|Any CPU
		{80032138-A8E9-4608-A45F-A3ED4E7E3E97}.AppStore|ARM.Deploy.0 = Release|Any CPU
		{80032138-A8E9-4608-A45F-A3ED4E7E3E97}.AppStore|iPhone.ActiveCfg = Release|Any CPU
		{80032138-A8E9-4608-A45F-A3ED4E7E3E97}.AppStore|iPhone.Build.0 = Release|Any CPU
		{80032138-A8E9-4608-A45F-A3ED4E7E3E97}.AppStore|iPhone.Deploy.0 = Release|Any CPU
		{80032138-A8E9-4608-A45F-A3ED4E7E3E97}.AppStore|iPhoneSimulator.ActiveCfg = Release|Any CPU
		{80032138-A8E9-4608-A45F-A3ED4E7E3E97}.AppStore|iPhoneSimulator.Build.0 = Release|Any CPU
		{80032138-A8E9-4608-A45F-A3ED4E7E3E97}.AppStore|iPhoneSimulator.Deploy.0 = Release|Any CPU
		{80032138-A8E9-4608-A45F-A3ED4E7E3E97}.AppStore|x64.ActiveCfg = Release|Any CPU
		{80032138-A8E9-4608-A45F-A3ED4E7E3E97}.AppStore|x64.Build.0 = Release|Any CPU
		{80032138-A8E9-4608-A45F-A3ED4E7E3E97}.AppStore|x64.Deploy.0 = Release|Any CPU
		{80032138-A8E9-4608-A45F-A3ED4E7E3E97}.AppStore|x86.ActiveCfg = Release|Any CPU
		{80032138-A8E9-4608-A45F-A3ED4E7E3E97}.AppStore|x86.Build.0 = Release|Any CPU
		{80032138-A8E9-4608-A45F-A3ED4E7E3E97}.AppStore|x86.Deploy.0 = Release|Any CPU
		{80032138-A8E9-4608-A45F-A3ED4E7E3E97}.Debug|Any CPU.ActiveCfg = Debug|Any CPU
		{80032138-A8E9-4608-A45F-A3ED4E7E3E97}.Debug|Any CPU.Build.0 = Debug|Any CPU
		{80032138-A8E9-4608-A45F-A3ED4E7E3E97}.Debug|Any CPU.Deploy.0 = Debug|Any CPU
		{80032138-A8E9-4608-A45F-A3ED4E7E3E97}.Debug|ARM.ActiveCfg = Debug|Any CPU
		{80032138-A8E9-4608-A45F-A3ED4E7E3E97}.Debug|ARM.Build.0 = Debug|Any CPU
		{80032138-A8E9-4608-A45F-A3ED4E7E3E97}.Debug|ARM.Deploy.0 = Debug|Any CPU
		{80032138-A8E9-4608-A45F-A3ED4E7E3E97}.Debug|iPhone.ActiveCfg = Debug|Any CPU
		{80032138-A8E9-4608-A45F-A3ED4E7E3E97}.Debug|iPhone.Build.0 = Debug|Any CPU
		{80032138-A8E9-4608-A45F-A3ED4E7E3E97}.Debug|iPhone.Deploy.0 = Debug|Any CPU
		{80032138-A8E9-4608-A45F-A3ED4E7E3E97}.Debug|iPhoneSimulator.ActiveCfg = Debug|Any CPU
		{80032138-A8E9-4608-A45F-A3ED4E7E3E97}.Debug|iPhoneSimulator.Build.0 = Debug|Any CPU
		{80032138-A8E9-4608-A45F-A3ED4E7E3E97}.Debug|iPhoneSimulator.Deploy.0 = Debug|Any CPU
		{80032138-A8E9-4608-A45F-A3ED4E7E3E97}.Debug|x64.ActiveCfg = Debug|Any CPU
		{80032138-A8E9-4608-A45F-A3ED4E7E3E97}.Debug|x64.Build.0 = Debug|Any CPU
		{80032138-A8E9-4608-A45F-A3ED4E7E3E97}.Debug|x64.Deploy.0 = Debug|Any CPU
		{80032138-A8E9-4608-A45F-A3ED4E7E3E97}.Debug|x86.ActiveCfg = Debug|Any CPU
		{80032138-A8E9-4608-A45F-A3ED4E7E3E97}.Debug|x86.Build.0 = Debug|Any CPU
		{80032138-A8E9-4608-A45F-A3ED4E7E3E97}.Debug|x86.Deploy.0 = Debug|Any CPU
		{80032138-A8E9-4608-A45F-A3ED4E7E3E97}.Release|Any CPU.ActiveCfg = Release|Any CPU
		{80032138-A8E9-4608-A45F-A3ED4E7E3E97}.Release|Any CPU.Build.0 = Release|Any CPU
		{80032138-A8E9-4608-A45F-A3ED4E7E3E97}.Release|Any CPU.Deploy.0 = Release|Any CPU
		{80032138-A8E9-4608-A45F-A3ED4E7E3E97}.Release|ARM.ActiveCfg = Release|Any CPU
		{80032138-A8E9-4608-A45F-A3ED4E7E3E97}.Release|ARM.Build.0 = Release|Any CPU
		{80032138-A8E9-4608-A45F-A3ED4E7E3E97}.Release|ARM.Deploy.0 = Release|Any CPU
		{80032138-A8E9-4608-A45F-A3ED4E7E3E97}.Release|iPhone.ActiveCfg = Release|Any CPU
		{80032138-A8E9-4608-A45F-A3ED4E7E3E97}.Release|iPhone.Build.0 = Release|Any CPU
		{80032138-A8E9-4608-A45F-A3ED4E7E3E97}.Release|iPhone.Deploy.0 = Release|Any CPU
		{80032138-A8E9-4608-A45F-A3ED4E7E3E97}.Release|iPhoneSimulator.ActiveCfg = Release|Any CPU
		{80032138-A8E9-4608-A45F-A3ED4E7E3E97}.Release|iPhoneSimulator.Build.0 = Release|Any CPU
		{80032138-A8E9-4608-A45F-A3ED4E7E3E97}.Release|iPhoneSimulator.Deploy.0 = Release|Any CPU
		{80032138-A8E9-4608-A45F-A3ED4E7E3E97}.Release|x64.ActiveCfg = Release|Any CPU
		{80032138-A8E9-4608-A45F-A3ED4E7E3E97}.Release|x64.Build.0 = Release|Any CPU
		{80032138-A8E9-4608-A45F-A3ED4E7E3E97}.Release|x64.Deploy.0 = Release|Any CPU
		{80032138-A8E9-4608-A45F-A3ED4E7E3E97}.Release|x86.ActiveCfg = Release|Any CPU
		{80032138-A8E9-4608-A45F-A3ED4E7E3E97}.Release|x86.Build.0 = Release|Any CPU
		{80032138-A8E9-4608-A45F-A3ED4E7E3E97}.Release|x86.Deploy.0 = Release|Any CPU
		{FEE5FD27-AF04-4F1D-8BE9-4C232D916CB4}.Ad-Hoc|Any CPU.ActiveCfg = Ad-Hoc|iPhone
		{FEE5FD27-AF04-4F1D-8BE9-4C232D916CB4}.Ad-Hoc|Any CPU.Build.0 = Ad-Hoc|iPhone
		{FEE5FD27-AF04-4F1D-8BE9-4C232D916CB4}.Ad-Hoc|Any CPU.Deploy.0 = Ad-Hoc|iPhone
		{FEE5FD27-AF04-4F1D-8BE9-4C232D916CB4}.Ad-Hoc|ARM.ActiveCfg = Ad-Hoc|iPhone
		{FEE5FD27-AF04-4F1D-8BE9-4C232D916CB4}.Ad-Hoc|ARM.Build.0 = Ad-Hoc|iPhone
		{FEE5FD27-AF04-4F1D-8BE9-4C232D916CB4}.Ad-Hoc|ARM.Deploy.0 = Ad-Hoc|iPhone
		{FEE5FD27-AF04-4F1D-8BE9-4C232D916CB4}.Ad-Hoc|iPhone.ActiveCfg = Ad-Hoc|iPhone
		{FEE5FD27-AF04-4F1D-8BE9-4C232D916CB4}.Ad-Hoc|iPhone.Build.0 = Ad-Hoc|iPhone
		{FEE5FD27-AF04-4F1D-8BE9-4C232D916CB4}.Ad-Hoc|iPhone.Deploy.0 = Ad-Hoc|iPhone
		{FEE5FD27-AF04-4F1D-8BE9-4C232D916CB4}.Ad-Hoc|iPhoneSimulator.ActiveCfg = Ad-Hoc|iPhoneSimulator
		{FEE5FD27-AF04-4F1D-8BE9-4C232D916CB4}.Ad-Hoc|iPhoneSimulator.Build.0 = Ad-Hoc|iPhoneSimulator
		{FEE5FD27-AF04-4F1D-8BE9-4C232D916CB4}.Ad-Hoc|iPhoneSimulator.Deploy.0 = Ad-Hoc|iPhoneSimulator
		{FEE5FD27-AF04-4F1D-8BE9-4C232D916CB4}.Ad-Hoc|x64.ActiveCfg = Ad-Hoc|iPhone
		{FEE5FD27-AF04-4F1D-8BE9-4C232D916CB4}.Ad-Hoc|x64.Build.0 = Ad-Hoc|iPhone
		{FEE5FD27-AF04-4F1D-8BE9-4C232D916CB4}.Ad-Hoc|x64.Deploy.0 = Ad-Hoc|iPhone
		{FEE5FD27-AF04-4F1D-8BE9-4C232D916CB4}.Ad-Hoc|x86.ActiveCfg = Ad-Hoc|iPhone
		{FEE5FD27-AF04-4F1D-8BE9-4C232D916CB4}.Ad-Hoc|x86.Build.0 = Ad-Hoc|iPhone
		{FEE5FD27-AF04-4F1D-8BE9-4C232D916CB4}.Ad-Hoc|x86.Deploy.0 = Ad-Hoc|iPhone
		{FEE5FD27-AF04-4F1D-8BE9-4C232D916CB4}.AppStore|Any CPU.ActiveCfg = AppStore|iPhone
		{FEE5FD27-AF04-4F1D-8BE9-4C232D916CB4}.AppStore|Any CPU.Build.0 = AppStore|iPhone
		{FEE5FD27-AF04-4F1D-8BE9-4C232D916CB4}.AppStore|Any CPU.Deploy.0 = AppStore|iPhone
		{FEE5FD27-AF04-4F1D-8BE9-4C232D916CB4}.AppStore|ARM.ActiveCfg = AppStore|iPhone
		{FEE5FD27-AF04-4F1D-8BE9-4C232D916CB4}.AppStore|ARM.Build.0 = AppStore|iPhone
		{FEE5FD27-AF04-4F1D-8BE9-4C232D916CB4}.AppStore|ARM.Deploy.0 = AppStore|iPhone
		{FEE5FD27-AF04-4F1D-8BE9-4C232D916CB4}.AppStore|iPhone.ActiveCfg = AppStore|iPhone
		{FEE5FD27-AF04-4F1D-8BE9-4C232D916CB4}.AppStore|iPhone.Build.0 = AppStore|iPhone
		{FEE5FD27-AF04-4F1D-8BE9-4C232D916CB4}.AppStore|iPhone.Deploy.0 = AppStore|iPhone
		{FEE5FD27-AF04-4F1D-8BE9-4C232D916CB4}.AppStore|iPhoneSimulator.ActiveCfg = AppStore|iPhoneSimulator
		{FEE5FD27-AF04-4F1D-8BE9-4C232D916CB4}.AppStore|iPhoneSimulator.Build.0 = AppStore|iPhoneSimulator
		{FEE5FD27-AF04-4F1D-8BE9-4C232D916CB4}.AppStore|iPhoneSimulator.Deploy.0 = AppStore|iPhoneSimulator
		{FEE5FD27-AF04-4F1D-8BE9-4C232D916CB4}.AppStore|x64.ActiveCfg = AppStore|iPhone
		{FEE5FD27-AF04-4F1D-8BE9-4C232D916CB4}.AppStore|x64.Build.0 = AppStore|iPhone
		{FEE5FD27-AF04-4F1D-8BE9-4C232D916CB4}.AppStore|x64.Deploy.0 = AppStore|iPhone
		{FEE5FD27-AF04-4F1D-8BE9-4C232D916CB4}.AppStore|x86.ActiveCfg = AppStore|iPhone
		{FEE5FD27-AF04-4F1D-8BE9-4C232D916CB4}.AppStore|x86.Build.0 = AppStore|iPhone
		{FEE5FD27-AF04-4F1D-8BE9-4C232D916CB4}.AppStore|x86.Deploy.0 = AppStore|iPhone
		{FEE5FD27-AF04-4F1D-8BE9-4C232D916CB4}.Debug|Any CPU.ActiveCfg = Debug|iPhoneSimulator
		{FEE5FD27-AF04-4F1D-8BE9-4C232D916CB4}.Debug|Any CPU.Build.0 = Debug|iPhoneSimulator
		{FEE5FD27-AF04-4F1D-8BE9-4C232D916CB4}.Debug|Any CPU.Deploy.0 = Debug|iPhoneSimulator
		{FEE5FD27-AF04-4F1D-8BE9-4C232D916CB4}.Debug|ARM.ActiveCfg = Debug|iPhone
		{FEE5FD27-AF04-4F1D-8BE9-4C232D916CB4}.Debug|ARM.Build.0 = Debug|iPhone
		{FEE5FD27-AF04-4F1D-8BE9-4C232D916CB4}.Debug|ARM.Deploy.0 = Debug|iPhone
		{FEE5FD27-AF04-4F1D-8BE9-4C232D916CB4}.Debug|iPhone.ActiveCfg = Debug|iPhone
		{FEE5FD27-AF04-4F1D-8BE9-4C232D916CB4}.Debug|iPhone.Build.0 = Debug|iPhone
		{FEE5FD27-AF04-4F1D-8BE9-4C232D916CB4}.Debug|iPhone.Deploy.0 = Debug|iPhone
		{FEE5FD27-AF04-4F1D-8BE9-4C232D916CB4}.Debug|iPhoneSimulator.ActiveCfg = Debug|iPhoneSimulator
		{FEE5FD27-AF04-4F1D-8BE9-4C232D916CB4}.Debug|iPhoneSimulator.Build.0 = Debug|iPhoneSimulator
		{FEE5FD27-AF04-4F1D-8BE9-4C232D916CB4}.Debug|iPhoneSimulator.Deploy.0 = Debug|iPhoneSimulator
		{FEE5FD27-AF04-4F1D-8BE9-4C232D916CB4}.Debug|x64.ActiveCfg = Debug|iPhone
		{FEE5FD27-AF04-4F1D-8BE9-4C232D916CB4}.Debug|x64.Build.0 = Debug|iPhone
		{FEE5FD27-AF04-4F1D-8BE9-4C232D916CB4}.Debug|x64.Deploy.0 = Debug|iPhone
		{FEE5FD27-AF04-4F1D-8BE9-4C232D916CB4}.Debug|x86.ActiveCfg = Debug|iPhone
		{FEE5FD27-AF04-4F1D-8BE9-4C232D916CB4}.Debug|x86.Build.0 = Debug|iPhone
		{FEE5FD27-AF04-4F1D-8BE9-4C232D916CB4}.Debug|x86.Deploy.0 = Debug|iPhone
		{FEE5FD27-AF04-4F1D-8BE9-4C232D916CB4}.Release|Any CPU.ActiveCfg = Release|iPhone
		{FEE5FD27-AF04-4F1D-8BE9-4C232D916CB4}.Release|Any CPU.Build.0 = Release|iPhone
		{FEE5FD27-AF04-4F1D-8BE9-4C232D916CB4}.Release|Any CPU.Deploy.0 = Release|iPhone
		{FEE5FD27-AF04-4F1D-8BE9-4C232D916CB4}.Release|ARM.ActiveCfg = Release|iPhone
		{FEE5FD27-AF04-4F1D-8BE9-4C232D916CB4}.Release|ARM.Build.0 = Release|iPhone
		{FEE5FD27-AF04-4F1D-8BE9-4C232D916CB4}.Release|ARM.Deploy.0 = Release|iPhone
		{FEE5FD27-AF04-4F1D-8BE9-4C232D916CB4}.Release|iPhone.ActiveCfg = Release|iPhone
		{FEE5FD27-AF04-4F1D-8BE9-4C232D916CB4}.Release|iPhone.Build.0 = Release|iPhone
		{FEE5FD27-AF04-4F1D-8BE9-4C232D916CB4}.Release|iPhone.Deploy.0 = Release|iPhone
		{FEE5FD27-AF04-4F1D-8BE9-4C232D916CB4}.Release|iPhoneSimulator.ActiveCfg = Release|iPhoneSimulator
		{FEE5FD27-AF04-4F1D-8BE9-4C232D916CB4}.Release|iPhoneSimulator.Build.0 = Release|iPhoneSimulator
		{FEE5FD27-AF04-4F1D-8BE9-4C232D916CB4}.Release|iPhoneSimulator.Deploy.0 = Release|iPhoneSimulator
		{FEE5FD27-AF04-4F1D-8BE9-4C232D916CB4}.Release|x64.ActiveCfg = Release|iPhone
		{FEE5FD27-AF04-4F1D-8BE9-4C232D916CB4}.Release|x64.Build.0 = Release|iPhone
		{FEE5FD27-AF04-4F1D-8BE9-4C232D916CB4}.Release|x64.Deploy.0 = Release|iPhone
		{FEE5FD27-AF04-4F1D-8BE9-4C232D916CB4}.Release|x86.ActiveCfg = Release|iPhone
		{FEE5FD27-AF04-4F1D-8BE9-4C232D916CB4}.Release|x86.Build.0 = Release|iPhone
		{FEE5FD27-AF04-4F1D-8BE9-4C232D916CB4}.Release|x86.Deploy.0 = Release|iPhone
		{D07F0135-1532-4626-9471-4FE6FE49CA67}.Ad-Hoc|Any CPU.ActiveCfg = Release|x86
		{D07F0135-1532-4626-9471-4FE6FE49CA67}.Ad-Hoc|Any CPU.Build.0 = Release|x86
		{D07F0135-1532-4626-9471-4FE6FE49CA67}.Ad-Hoc|Any CPU.Deploy.0 = Release|x86
		{D07F0135-1532-4626-9471-4FE6FE49CA67}.Ad-Hoc|ARM.ActiveCfg = Release|ARM
		{D07F0135-1532-4626-9471-4FE6FE49CA67}.Ad-Hoc|ARM.Build.0 = Release|ARM
		{D07F0135-1532-4626-9471-4FE6FE49CA67}.Ad-Hoc|ARM.Deploy.0 = Release|ARM
		{D07F0135-1532-4626-9471-4FE6FE49CA67}.Ad-Hoc|iPhone.ActiveCfg = Release|x86
		{D07F0135-1532-4626-9471-4FE6FE49CA67}.Ad-Hoc|iPhone.Build.0 = Release|x86
		{D07F0135-1532-4626-9471-4FE6FE49CA67}.Ad-Hoc|iPhone.Deploy.0 = Release|x86
		{D07F0135-1532-4626-9471-4FE6FE49CA67}.Ad-Hoc|iPhoneSimulator.ActiveCfg = Release|x86
		{D07F0135-1532-4626-9471-4FE6FE49CA67}.Ad-Hoc|iPhoneSimulator.Build.0 = Release|x86
		{D07F0135-1532-4626-9471-4FE6FE49CA67}.Ad-Hoc|iPhoneSimulator.Deploy.0 = Release|x86
		{D07F0135-1532-4626-9471-4FE6FE49CA67}.Ad-Hoc|x64.ActiveCfg = Release|x64
		{D07F0135-1532-4626-9471-4FE6FE49CA67}.Ad-Hoc|x64.Build.0 = Release|x64
		{D07F0135-1532-4626-9471-4FE6FE49CA67}.Ad-Hoc|x64.Deploy.0 = Release|x64
		{D07F0135-1532-4626-9471-4FE6FE49CA67}.Ad-Hoc|x86.ActiveCfg = Release|x86
		{D07F0135-1532-4626-9471-4FE6FE49CA67}.Ad-Hoc|x86.Build.0 = Release|x86
		{D07F0135-1532-4626-9471-4FE6FE49CA67}.Ad-Hoc|x86.Deploy.0 = Release|x86
		{D07F0135-1532-4626-9471-4FE6FE49CA67}.AppStore|Any CPU.ActiveCfg = Release|x86
		{D07F0135-1532-4626-9471-4FE6FE49CA67}.AppStore|Any CPU.Build.0 = Release|x86
		{D07F0135-1532-4626-9471-4FE6FE49CA67}.AppStore|Any CPU.Deploy.0 = Release|x86
		{D07F0135-1532-4626-9471-4FE6FE49CA67}.AppStore|ARM.ActiveCfg = Release|ARM
		{D07F0135-1532-4626-9471-4FE6FE49CA67}.AppStore|ARM.Build.0 = Release|ARM
		{D07F0135-1532-4626-9471-4FE6FE49CA67}.AppStore|ARM.Deploy.0 = Release|ARM
		{D07F0135-1532-4626-9471-4FE6FE49CA67}.AppStore|iPhone.ActiveCfg = Release|x86
		{D07F0135-1532-4626-9471-4FE6FE49CA67}.AppStore|iPhone.Build.0 = Release|x86
		{D07F0135-1532-4626-9471-4FE6FE49CA67}.AppStore|iPhone.Deploy.0 = Release|x86
		{D07F0135-1532-4626-9471-4FE6FE49CA67}.AppStore|iPhoneSimulator.ActiveCfg = Release|x86
		{D07F0135-1532-4626-9471-4FE6FE49CA67}.AppStore|iPhoneSimulator.Build.0 = Release|x86
		{D07F0135-1532-4626-9471-4FE6FE49CA67}.AppStore|iPhoneSimulator.Deploy.0 = Release|x86
		{D07F0135-1532-4626-9471-4FE6FE49CA67}.AppStore|x64.ActiveCfg = Release|x64
		{D07F0135-1532-4626-9471-4FE6FE49CA67}.AppStore|x64.Build.0 = Release|x64
		{D07F0135-1532-4626-9471-4FE6FE49CA67}.AppStore|x64.Deploy.0 = Release|x64
		{D07F0135-1532-4626-9471-4FE6FE49CA67}.AppStore|x86.ActiveCfg = Release|x86
		{D07F0135-1532-4626-9471-4FE6FE49CA67}.AppStore|x86.Build.0 = Release|x86
		{D07F0135-1532-4626-9471-4FE6FE49CA67}.AppStore|x86.Deploy.0 = Release|x86
		{D07F0135-1532-4626-9471-4FE6FE49CA67}.Debug|Any CPU.ActiveCfg = Debug|x86
		{D07F0135-1532-4626-9471-4FE6FE49CA67}.Debug|Any CPU.Build.0 = Debug|x86
		{D07F0135-1532-4626-9471-4FE6FE49CA67}.Debug|Any CPU.Deploy.0 = Debug|x86
		{D07F0135-1532-4626-9471-4FE6FE49CA67}.Debug|ARM.ActiveCfg = Debug|ARM
		{D07F0135-1532-4626-9471-4FE6FE49CA67}.Debug|ARM.Build.0 = Debug|ARM
		{D07F0135-1532-4626-9471-4FE6FE49CA67}.Debug|ARM.Deploy.0 = Debug|ARM
		{D07F0135-1532-4626-9471-4FE6FE49CA67}.Debug|iPhone.ActiveCfg = Debug|x86
		{D07F0135-1532-4626-9471-4FE6FE49CA67}.Debug|iPhone.Build.0 = Debug|x86
		{D07F0135-1532-4626-9471-4FE6FE49CA67}.Debug|iPhone.Deploy.0 = Debug|x86
		{D07F0135-1532-4626-9471-4FE6FE49CA67}.Debug|iPhoneSimulator.ActiveCfg = Debug|x86
		{D07F0135-1532-4626-9471-4FE6FE49CA67}.Debug|iPhoneSimulator.Build.0 = Debug|x86
		{D07F0135-1532-4626-9471-4FE6FE49CA67}.Debug|iPhoneSimulator.Deploy.0 = Debug|x86
		{D07F0135-1532-4626-9471-4FE6FE49CA67}.Debug|x64.ActiveCfg = Debug|x64
		{D07F0135-1532-4626-9471-4FE6FE49CA67}.Debug|x64.Build.0 = Debug|x64
		{D07F0135-1532-4626-9471-4FE6FE49CA67}.Debug|x64.Deploy.0 = Debug|x64
		{D07F0135-1532-4626-9471-4FE6FE49CA67}.Debug|x86.ActiveCfg = Debug|x86
		{D07F0135-1532-4626-9471-4FE6FE49CA67}.Debug|x86.Build.0 = Debug|x86
		{D07F0135-1532-4626-9471-4FE6FE49CA67}.Debug|x86.Deploy.0 = Debug|x86
		{D07F0135-1532-4626-9471-4FE6FE49CA67}.Release|Any CPU.ActiveCfg = Release|x86
		{D07F0135-1532-4626-9471-4FE6FE49CA67}.Release|Any CPU.Build.0 = Release|x86
		{D07F0135-1532-4626-9471-4FE6FE49CA67}.Release|Any CPU.Deploy.0 = Release|x86
		{D07F0135-1532-4626-9471-4FE6FE49CA67}.Release|ARM.ActiveCfg = Release|ARM
		{D07F0135-1532-4626-9471-4FE6FE49CA67}.Release|ARM.Build.0 = Release|ARM
		{D07F0135-1532-4626-9471-4FE6FE49CA67}.Release|ARM.Deploy.0 = Release|ARM
		{D07F0135-1532-4626-9471-4FE6FE49CA67}.Release|iPhone.ActiveCfg = Release|x86
		{D07F0135-1532-4626-9471-4FE6FE49CA67}.Release|iPhone.Build.0 = Release|x86
		{D07F0135-1532-4626-9471-4FE6FE49CA67}.Release|iPhone.Deploy.0 = Release|x86
		{D07F0135-1532-4626-9471-4FE6FE49CA67}.Release|iPhoneSimulator.ActiveCfg = Release|x86
		{D07F0135-1532-4626-9471-4FE6FE49CA67}.Release|iPhoneSimulator.Build.0 = Release|x86
		{D07F0135-1532-4626-9471-4FE6FE49CA67}.Release|iPhoneSimulator.Deploy.0 = Release|x86
		{D07F0135-1532-4626-9471-4FE6FE49CA67}.Release|x64.ActiveCfg = Release|x64
		{D07F0135-1532-4626-9471-4FE6FE49CA67}.Release|x64.Build.0 = Release|x64
		{D07F0135-1532-4626-9471-4FE6FE49CA67}.Release|x64.Deploy.0 = Release|x64
		{D07F0135-1532-4626-9471-4FE6FE49CA67}.Release|x86.ActiveCfg = Release|x86
		{D07F0135-1532-4626-9471-4FE6FE49CA67}.Release|x86.Build.0 = Release|x86
		{D07F0135-1532-4626-9471-4FE6FE49CA67}.Release|x86.Deploy.0 = Release|x86
		{C3B14A80-6E1C-4F81-B4FF-9A95D122D373}.Ad-Hoc|Any CPU.ActiveCfg = Debug|Any CPU
		{C3B14A80-6E1C-4F81-B4FF-9A95D122D373}.Ad-Hoc|Any CPU.Build.0 = Debug|Any CPU
		{C3B14A80-6E1C-4F81-B4FF-9A95D122D373}.Ad-Hoc|Any CPU.Deploy.0 = Debug|Any CPU
		{C3B14A80-6E1C-4F81-B4FF-9A95D122D373}.Ad-Hoc|ARM.ActiveCfg = Debug|Any CPU
		{C3B14A80-6E1C-4F81-B4FF-9A95D122D373}.Ad-Hoc|ARM.Build.0 = Debug|Any CPU
		{C3B14A80-6E1C-4F81-B4FF-9A95D122D373}.Ad-Hoc|ARM.Deploy.0 = Debug|Any CPU
		{C3B14A80-6E1C-4F81-B4FF-9A95D122D373}.Ad-Hoc|iPhone.ActiveCfg = Debug|Any CPU
		{C3B14A80-6E1C-4F81-B4FF-9A95D122D373}.Ad-Hoc|iPhone.Build.0 = Debug|Any CPU
		{C3B14A80-6E1C-4F81-B4FF-9A95D122D373}.Ad-Hoc|iPhone.Deploy.0 = Debug|Any CPU
		{C3B14A80-6E1C-4F81-B4FF-9A95D122D373}.Ad-Hoc|iPhoneSimulator.ActiveCfg = Debug|Any CPU
		{C3B14A80-6E1C-4F81-B4FF-9A95D122D373}.Ad-Hoc|iPhoneSimulator.Build.0 = Debug|Any CPU
		{C3B14A80-6E1C-4F81-B4FF-9A95D122D373}.Ad-Hoc|iPhoneSimulator.Deploy.0 = Debug|Any CPU
		{C3B14A80-6E1C-4F81-B4FF-9A95D122D373}.Ad-Hoc|x64.ActiveCfg = Debug|Any CPU
		{C3B14A80-6E1C-4F81-B4FF-9A95D122D373}.Ad-Hoc|x64.Build.0 = Debug|Any CPU
		{C3B14A80-6E1C-4F81-B4FF-9A95D122D373}.Ad-Hoc|x64.Deploy.0 = Debug|Any CPU
		{C3B14A80-6E1C-4F81-B4FF-9A95D122D373}.Ad-Hoc|x86.ActiveCfg = Debug|Any CPU
		{C3B14A80-6E1C-4F81-B4FF-9A95D122D373}.Ad-Hoc|x86.Build.0 = Debug|Any CPU
		{C3B14A80-6E1C-4F81-B4FF-9A95D122D373}.Ad-Hoc|x86.Deploy.0 = Debug|Any CPU
		{C3B14A80-6E1C-4F81-B4FF-9A95D122D373}.AppStore|Any CPU.ActiveCfg = Debug|Any CPU
		{C3B14A80-6E1C-4F81-B4FF-9A95D122D373}.AppStore|Any CPU.Build.0 = Debug|Any CPU
		{C3B14A80-6E1C-4F81-B4FF-9A95D122D373}.AppStore|Any CPU.Deploy.0 = Debug|Any CPU
		{C3B14A80-6E1C-4F81-B4FF-9A95D122D373}.AppStore|ARM.ActiveCfg = Debug|Any CPU
		{C3B14A80-6E1C-4F81-B4FF-9A95D122D373}.AppStore|ARM.Build.0 = Debug|Any CPU
		{C3B14A80-6E1C-4F81-B4FF-9A95D122D373}.AppStore|ARM.Deploy.0 = Debug|Any CPU
		{C3B14A80-6E1C-4F81-B4FF-9A95D122D373}.AppStore|iPhone.ActiveCfg = Debug|Any CPU
		{C3B14A80-6E1C-4F81-B4FF-9A95D122D373}.AppStore|iPhone.Build.0 = Debug|Any CPU
		{C3B14A80-6E1C-4F81-B4FF-9A95D122D373}.AppStore|iPhone.Deploy.0 = Debug|Any CPU
		{C3B14A80-6E1C-4F81-B4FF-9A95D122D373}.AppStore|iPhoneSimulator.ActiveCfg = Debug|Any CPU
		{C3B14A80-6E1C-4F81-B4FF-9A95D122D373}.AppStore|iPhoneSimulator.Build.0 = Debug|Any CPU
		{C3B14A80-6E1C-4F81-B4FF-9A95D122D373}.AppStore|iPhoneSimulator.Deploy.0 = Debug|Any CPU
		{C3B14A80-6E1C-4F81-B4FF-9A95D122D373}.AppStore|x64.ActiveCfg = Debug|Any CPU
		{C3B14A80-6E1C-4F81-B4FF-9A95D122D373}.AppStore|x64.Build.0 = Debug|Any CPU
		{C3B14A80-6E1C-4F81-B4FF-9A95D122D373}.AppStore|x64.Deploy.0 = Debug|Any CPU
		{C3B14A80-6E1C-4F81-B4FF-9A95D122D373}.AppStore|x86.ActiveCfg = Debug|Any CPU
		{C3B14A80-6E1C-4F81-B4FF-9A95D122D373}.AppStore|x86.Build.0 = Debug|Any CPU
		{C3B14A80-6E1C-4F81-B4FF-9A95D122D373}.AppStore|x86.Deploy.0 = Debug|Any CPU
		{C3B14A80-6E1C-4F81-B4FF-9A95D122D373}.Debug|Any CPU.ActiveCfg = Debug|Any CPU
		{C3B14A80-6E1C-4F81-B4FF-9A95D122D373}.Debug|Any CPU.Build.0 = Debug|Any CPU
		{C3B14A80-6E1C-4F81-B4FF-9A95D122D373}.Debug|Any CPU.Deploy.0 = Debug|Any CPU
		{C3B14A80-6E1C-4F81-B4FF-9A95D122D373}.Debug|ARM.ActiveCfg = Debug|Any CPU
		{C3B14A80-6E1C-4F81-B4FF-9A95D122D373}.Debug|ARM.Build.0 = Debug|Any CPU
		{C3B14A80-6E1C-4F81-B4FF-9A95D122D373}.Debug|ARM.Deploy.0 = Debug|Any CPU
		{C3B14A80-6E1C-4F81-B4FF-9A95D122D373}.Debug|iPhone.ActiveCfg = Debug|Any CPU
		{C3B14A80-6E1C-4F81-B4FF-9A95D122D373}.Debug|iPhone.Build.0 = Debug|Any CPU
		{C3B14A80-6E1C-4F81-B4FF-9A95D122D373}.Debug|iPhone.Deploy.0 = Debug|Any CPU
		{C3B14A80-6E1C-4F81-B4FF-9A95D122D373}.Debug|iPhoneSimulator.ActiveCfg = Debug|Any CPU
		{C3B14A80-6E1C-4F81-B4FF-9A95D122D373}.Debug|iPhoneSimulator.Build.0 = Debug|Any CPU
		{C3B14A80-6E1C-4F81-B4FF-9A95D122D373}.Debug|iPhoneSimulator.Deploy.0 = Debug|Any CPU
		{C3B14A80-6E1C-4F81-B4FF-9A95D122D373}.Debug|x64.ActiveCfg = Debug|Any CPU
		{C3B14A80-6E1C-4F81-B4FF-9A95D122D373}.Debug|x64.Build.0 = Debug|Any CPU
		{C3B14A80-6E1C-4F81-B4FF-9A95D122D373}.Debug|x64.Deploy.0 = Debug|Any CPU
		{C3B14A80-6E1C-4F81-B4FF-9A95D122D373}.Debug|x86.ActiveCfg = Debug|Any CPU
		{C3B14A80-6E1C-4F81-B4FF-9A95D122D373}.Debug|x86.Build.0 = Debug|Any CPU
		{C3B14A80-6E1C-4F81-B4FF-9A95D122D373}.Debug|x86.Deploy.0 = Debug|Any CPU
		{C3B14A80-6E1C-4F81-B4FF-9A95D122D373}.Release|Any CPU.ActiveCfg = Release|Any CPU
		{C3B14A80-6E1C-4F81-B4FF-9A95D122D373}.Release|Any CPU.Build.0 = Release|Any CPU
		{C3B14A80-6E1C-4F81-B4FF-9A95D122D373}.Release|Any CPU.Deploy.0 = Release|Any CPU
		{C3B14A80-6E1C-4F81-B4FF-9A95D122D373}.Release|ARM.ActiveCfg = Release|Any CPU
		{C3B14A80-6E1C-4F81-B4FF-9A95D122D373}.Release|ARM.Build.0 = Release|Any CPU
		{C3B14A80-6E1C-4F81-B4FF-9A95D122D373}.Release|ARM.Deploy.0 = Release|Any CPU
		{C3B14A80-6E1C-4F81-B4FF-9A95D122D373}.Release|iPhone.ActiveCfg = Release|Any CPU
		{C3B14A80-6E1C-4F81-B4FF-9A95D122D373}.Release|iPhone.Build.0 = Release|Any CPU
		{C3B14A80-6E1C-4F81-B4FF-9A95D122D373}.Release|iPhone.Deploy.0 = Release|Any CPU
		{C3B14A80-6E1C-4F81-B4FF-9A95D122D373}.Release|iPhoneSimulator.ActiveCfg = Release|Any CPU
		{C3B14A80-6E1C-4F81-B4FF-9A95D122D373}.Release|iPhoneSimulator.Build.0 = Release|Any CPU
		{C3B14A80-6E1C-4F81-B4FF-9A95D122D373}.Release|iPhoneSimulator.Deploy.0 = Release|Any CPU
		{C3B14A80-6E1C-4F81-B4FF-9A95D122D373}.Release|x64.ActiveCfg = Release|Any CPU
		{C3B14A80-6E1C-4F81-B4FF-9A95D122D373}.Release|x64.Build.0 = Release|Any CPU
		{C3B14A80-6E1C-4F81-B4FF-9A95D122D373}.Release|x64.Deploy.0 = Release|Any CPU
		{C3B14A80-6E1C-4F81-B4FF-9A95D122D373}.Release|x86.ActiveCfg = Release|Any CPU
		{C3B14A80-6E1C-4F81-B4FF-9A95D122D373}.Release|x86.Build.0 = Release|Any CPU
		{C3B14A80-6E1C-4F81-B4FF-9A95D122D373}.Release|x86.Deploy.0 = Release|Any CPU
	EndGlobalSection
	GlobalSection(SolutionProperties) = preSolution
		HideSolutionNode = FALSE
	EndGlobalSection
	GlobalSection(ExtensibilityGlobals) = postSolution
		SolutionGuid = {169F1598-6129-4892-A835-370DFD2AEBC8}
	EndGlobalSection
EndGlobal
